
Microsoft Visual Studio Solution File, Format Version 12.00
# Visual Studio Version 16
VisualStudioVersion = 16.0.31702.278
MinimumVisualStudioVersion = 10.0.40219.1
Project("{9A19103F-16F7-4668-BE54-9A1E7A4F7556}") = "JonaDaniel.AdventureGame", "JonaDaniel.CharacterCreator\JonaDaniel.AdventureGame.csproj", "{21165A52-0D61-4E31-902A-3B3510944D23}"
EndProject
Project("{FAE04EC0-301F-11D3-BF4B-00C04F79EFBC}") = "JonaDaniel.AdventureGame.WinHost", "JonaDaniel.AdventureGame.WinHost\JonaDaniel.AdventureGame.WinHost.csproj", "{BBCB8FAD-DFD0-4607-A112-ACE5B1E0709B}"
	ProjectSection(ProjectDependencies) = postProject
		{21165A52-0D61-4E31-902A-3B3510944D23} = {21165A52-0D61-4E31-902A-3B3510944D23}
	EndProjectSection
EndProject
Global
	GlobalSection(SolutionConfigurationPlatforms) = preSolution
		Debug|Any CPU = Debug|Any CPU
		Release|Any CPU = Release|Any CPU
	EndGlobalSection
	GlobalSection(ProjectConfigurationPlatforms) = postSolution
		{21165A52-0D61-4E31-902A-3B3510944D23}.Debug|Any CPU.ActiveCfg = Debug|Any CPU
		{21165A52-0D61-4E31-902A-3B3510944D23}.Debug|Any CPU.Build.0 = Debug|Any CPU
		{21165A52-0D61-4E31-902A-3B3510944D23}.Release|Any CPU.ActiveCfg = Release|Any CPU
		{21165A52-0D61-4E31-902A-3B3510944D23}.Release|Any CPU.Build.0 = Release|Any CPU
		{BBCB8FAD-DFD0-4607-A112-ACE5B1E0709B}.Debug|Any CPU.ActiveCfg = Debug|Any CPU
		{BBCB8FAD-DFD0-4607-A112-ACE5B1E0709B}.Debug|Any CPU.Build.0 = Debug|Any CPU
		{BBCB8FAD-DFD0-4607-A112-ACE5B1E0709B}.Release|Any CPU.ActiveCfg = Release|Any CPU
		{BBCB8FAD-DFD0-4607-A112-ACE5B1E0709B}.Release|Any CPU.Build.0 = Release|Any CPU
	EndGlobalSection
	GlobalSection(SolutionProperties) = preSolution
		HideSolutionNode = FALSE
	EndGlobalSection
	GlobalSection(ExtensibilityGlobals) = postSolution
		SolutionGuid = {E7E72308-45CE-4F46-826D-01265178E691}
	EndGlobalSection
EndGlobal
