
Microsoft Visual Studio Solution File, Format Version 12.00
# Visual Studio Version 16
VisualStudioVersion = 16.0.31515.178
MinimumVisualStudioVersion = 10.0.40219.1
Project("{9A19103F-16F7-4668-BE54-9A1E7A4F7556}") = "MovieLibrary", "MovieLibrary\MovieLibrary.csproj", "{A6F55C4E-C550-408A-B6E7-98F54F2C0639}"
EndProject
Project("{FAE04EC0-301F-11D3-BF4B-00C04F79EFBC}") = "MovieLibrary.WinHost", "MovieLibrary.WinHost\MovieLibrary.WinHost.csproj", "{8E89183F-157A-47A1-9E0B-BC0A9FA03BD8}"
EndProject
Global
	GlobalSection(SolutionConfigurationPlatforms) = preSolution
		Debug|Any CPU = Debug|Any CPU
		Release|Any CPU = Release|Any CPU
	EndGlobalSection
	GlobalSection(ProjectConfigurationPlatforms) = postSolution
		{A6F55C4E-C550-408A-B6E7-98F54F2C0639}.Debug|Any CPU.ActiveCfg = Debug|Any CPU
		{A6F55C4E-C550-408A-B6E7-98F54F2C0639}.Debug|Any CPU.Build.0 = Debug|Any CPU
		{A6F55C4E-C550-408A-B6E7-98F54F2C0639}.Release|Any CPU.ActiveCfg = Release|Any CPU
		{A6F55C4E-C550-408A-B6E7-98F54F2C0639}.Release|Any CPU.Build.0 = Release|Any CPU
		{8E89183F-157A-47A1-9E0B-BC0A9FA03BD8}.Debug|Any CPU.ActiveCfg = Debug|Any CPU
		{8E89183F-157A-47A1-9E0B-BC0A9FA03BD8}.Debug|Any CPU.Build.0 = Debug|Any CPU
		{8E89183F-157A-47A1-9E0B-BC0A9FA03BD8}.Release|Any CPU.ActiveCfg = Release|Any CPU
		{8E89183F-157A-47A1-9E0B-BC0A9FA03BD8}.Release|Any CPU.Build.0 = Release|Any CPU
	EndGlobalSection
	GlobalSection(SolutionProperties) = preSolution
		HideSolutionNode = FALSE
	EndGlobalSection
	GlobalSection(ExtensibilityGlobals) = postSolution
		SolutionGuid = {D8E9DAFC-89E7-44D2-A384-744926C9133D}
	EndGlobalSection
EndGlobal
